
Microsoft Visual Studio Solution File, Format Version 12.00
# Visual Studio Version 17
VisualStudioVersion = 17.10.35122.118
MinimumVisualStudioVersion = 10.0.40219.1
Project("{9A19103F-16F7-4668-BE54-9A1E7A4F7556}") = "WeatherWorkerService", "WeatherWorkerService\WeatherWorkerService.csproj", "{879587E2-6D73-47A3-ACB1-CA78EDCBCCDC}"
EndProject
Project("{FAE04EC0-301F-11D3-BF4B-00C04F79EFBC}") = "WeatherWorkerService.Tests", "WeatherWorkerService.Tests\WeatherWorkerService.Tests.csproj", "{77B411D2-722A-443F-AC58-0E5516BDDECE}"
EndProject
Global
	GlobalSection(SolutionConfigurationPlatforms) = preSolution
		Debug|Any CPU = Debug|Any CPU
		Release|Any CPU = Release|Any CPU
	EndGlobalSection
	GlobalSection(ProjectConfigurationPlatforms) = postSolution
		{879587E2-6D73-47A3-ACB1-CA78EDCBCCDC}.Debug|Any CPU.ActiveCfg = Debug|Any CPU
		{879587E2-6D73-47A3-ACB1-CA78EDCBCCDC}.Debug|Any CPU.Build.0 = Debug|Any CPU
		{879587E2-6D73-47A3-ACB1-CA78EDCBCCDC}.Release|Any CPU.ActiveCfg = Release|Any CPU
		{879587E2-6D73-47A3-ACB1-CA78EDCBCCDC}.Release|Any CPU.Build.0 = Release|Any CPU
		{77B411D2-722A-443F-AC58-0E5516BDDECE}.Debug|Any CPU.ActiveCfg = Debug|Any CPU
		{77B411D2-722A-443F-AC58-0E5516BDDECE}.Debug|Any CPU.Build.0 = Debug|Any CPU
		{77B411D2-722A-443F-AC58-0E5516BDDECE}.Release|Any CPU.ActiveCfg = Release|Any CPU
		{77B411D2-722A-443F-AC58-0E5516BDDECE}.Release|Any CPU.Build.0 = Release|Any CPU
	EndGlobalSection
	GlobalSection(SolutionProperties) = preSolution
		HideSolutionNode = FALSE
	EndGlobalSection
	GlobalSection(ExtensibilityGlobals) = postSolution
		SolutionGuid = {C38471CE-C53F-48DD-B993-2608A82C99B1}
	EndGlobalSection
EndGlobal
